
Microsoft Visual Studio Solution File, Format Version 12.00
# Visual Studio Version 16
VisualStudioVersion = 16.0.29503.13
MinimumVisualStudioVersion = 10.0.40219.1
Project("{FAE04EC0-301F-11D3-BF4B-00C04F79EFBC}") = "Smart health desktop solution WPF", "Smart health desktop solution WPF\Smart health desktop solution WPF.csproj", "{0B860130-0A9C-41A3-BE97-1E5A91DB2E61}"
EndProject
Global
	GlobalSection(SolutionConfigurationPlatforms) = preSolution
		Debug|Any CPU = Debug|Any CPU
		Release|Any CPU = Release|Any CPU
	EndGlobalSection
	GlobalSection(ProjectConfigurationPlatforms) = postSolution
		{0B860130-0A9C-41A3-BE97-1E5A91DB2E61}.Debug|Any CPU.ActiveCfg = Debug|Any CPU
		{0B860130-0A9C-41A3-BE97-1E5A91DB2E61}.Debug|Any CPU.Build.0 = Debug|Any CPU
		{0B860130-0A9C-41A3-BE97-1E5A91DB2E61}.Release|Any CPU.ActiveCfg = Release|Any CPU
		{0B860130-0A9C-41A3-BE97-1E5A91DB2E61}.Release|Any CPU.Build.0 = Release|Any CPU
	EndGlobalSection
	GlobalSection(SolutionProperties) = preSolution
		HideSolutionNode = FALSE
	EndGlobalSection
	GlobalSection(ExtensibilityGlobals) = postSolution
		SolutionGuid = {D2C320AE-FA11-4143-B657-0C98A1DEC006}
	EndGlobalSection
EndGlobal
